
Microsoft Visual Studio Solution File, Format Version 12.00
# Visual Studio Version 17
VisualStudioVersion = 17.0.31903.59
MinimumVisualStudioVersion = 10.0.40219.1
Project("{2150E333-8FDC-42A3-9474-1A3956D46DE8}") = "src", "src", "{827E0CD3-B72D-47B6-A68D-7590B98EB39B}"
EndProject
Project("{FAE04EC0-301F-11D3-BF4B-00C04F79EFBC}") = "BuenaOnda.Api", "src\BuenaOnda.Api\BuenaOnda.Api.csproj", "{D3F24B91-F091-4369-AA72-6BCF8476579B}"
EndProject
Project("{FAE04EC0-301F-11D3-BF4B-00C04F79EFBC}") = "BuenaOnda.Application", "src\BuenaOnda.Application\BuenaOnda.Application.csproj", "{B83CE752-31CF-4BE3-8DC4-BF60FF43B33A}"
EndProject
Project("{FAE04EC0-301F-11D3-BF4B-00C04F79EFBC}") = "BuenaOnda.Domain", "src\BuenaOnda.Domain\BuenaOnda.Domain.csproj", "{FEB4CF48-DD9B-4E2D-94A8-ACAD2AD373BA}"
EndProject
Project("{FAE04EC0-301F-11D3-BF4B-00C04F79EFBC}") = "BuenaOnda.Infrastructure", "src\BuenaOnda.Infrastructure\BuenaOnda.Infrastructure.csproj", "{0ECBA34A-163D-4F01-BFCE-2E7BABFD3FCC}"
EndProject
Project("{2150E333-8FDC-42A3-9474-1A3956D46DE8}") = "tests", "tests", "{0AB3BF05-4346-4AA6-1389-037BE0695223}"
EndProject
Project("{FAE04EC0-301F-11D3-BF4B-00C04F79EFBC}") = "BuenaOnda.Api.IntegrationTests", "tests\BuenaOnda.Api.IntegrationTests\BuenaOnda.Api.IntegrationTests.csproj", "{748E3E32-F0BF-4485-91D7-BE98D228BF4E}"
EndProject
Project("{FAE04EC0-301F-11D3-BF4B-00C04F79EFBC}") = "BuenaOnda.Application.Tests", "tests\BuenaOnda.Application.Tests\BuenaOnda.Application.Tests.csproj", "{F1ED3DB5-7151-42EC-BB7A-A1BBCDB565D8}"
EndProject
Project("{FAE04EC0-301F-11D3-BF4B-00C04F79EFBC}") = "BuenaOnda.Domain.Tests", "tests\BuenaOnda.Domain.Tests\BuenaOnda.Domain.Tests.csproj", "{2B02941A-FC38-4275-BAA9-5871B329212F}"
EndProject
Global
	GlobalSection(SolutionConfigurationPlatforms) = preSolution
		Debug|Any CPU = Debug|Any CPU
		Debug|x64 = Debug|x64
		Debug|x86 = Debug|x86
		Release|Any CPU = Release|Any CPU
		Release|x64 = Release|x64
		Release|x86 = Release|x86
	EndGlobalSection
	GlobalSection(ProjectConfigurationPlatforms) = postSolution
		{D3F24B91-F091-4369-AA72-6BCF8476579B}.Debug|Any CPU.ActiveCfg = Debug|Any CPU
		{D3F24B91-F091-4369-AA72-6BCF8476579B}.Debug|Any CPU.Build.0 = Debug|Any CPU
		{D3F24B91-F091-4369-AA72-6BCF8476579B}.Debug|x64.ActiveCfg = Debug|Any CPU
		{D3F24B91-F091-4369-AA72-6BCF8476579B}.Debug|x64.Build.0 = Debug|Any CPU
		{D3F24B91-F091-4369-AA72-6BCF8476579B}.Debug|x86.ActiveCfg = Debug|Any CPU
		{D3F24B91-F091-4369-AA72-6BCF8476579B}.Debug|x86.Build.0 = Debug|Any CPU
		{D3F24B91-F091-4369-AA72-6BCF8476579B}.Release|Any CPU.ActiveCfg = Release|Any CPU
		{D3F24B91-F091-4369-AA72-6BCF8476579B}.Release|Any CPU.Build.0 = Release|Any CPU
		{D3F24B91-F091-4369-AA72-6BCF8476579B}.Release|x64.ActiveCfg = Release|Any CPU
		{D3F24B91-F091-4369-AA72-6BCF8476579B}.Release|x64.Build.0 = Release|Any CPU
		{D3F24B91-F091-4369-AA72-6BCF8476579B}.Release|x86.ActiveCfg = Release|Any CPU
		{D3F24B91-F091-4369-AA72-6BCF8476579B}.Release|x86.Build.0 = Release|Any CPU
		{B83CE752-31CF-4BE3-8DC4-BF60FF43B33A}.Debug|Any CPU.ActiveCfg = Debug|Any CPU
		{B83CE752-31CF-4BE3-8DC4-BF60FF43B33A}.Debug|Any CPU.Build.0 = Debug|Any CPU
		{B83CE752-31CF-4BE3-8DC4-BF60FF43B33A}.Debug|x64.ActiveCfg = Debug|Any CPU
		{B83CE752-31CF-4BE3-8DC4-BF60FF43B33A}.Debug|x64.Build.0 = Debug|Any CPU
		{B83CE752-31CF-4BE3-8DC4-BF60FF43B33A}.Debug|x86.ActiveCfg = Debug|Any CPU
		{B83CE752-31CF-4BE3-8DC4-BF60FF43B33A}.Debug|x86.Build.0 = Debug|Any CPU
		{B83CE752-31CF-4BE3-8DC4-BF60FF43B33A}.Release|Any CPU.ActiveCfg = Release|Any CPU
		{B83CE752-31CF-4BE3-8DC4-BF60FF43B33A}.Release|Any CPU.Build.0 = Release|Any CPU
		{B83CE752-31CF-4BE3-8DC4-BF60FF43B33A}.Release|x64.ActiveCfg = Release|Any CPU
		{B83CE752-31CF-4BE3-8DC4-BF60FF43B33A}.Release|x64.Build.0 = Release|Any CPU
		{B83CE752-31CF-4BE3-8DC4-BF60FF43B33A}.Release|x86.ActiveCfg = Release|Any CPU
		{B83CE752-31CF-4BE3-8DC4-BF60FF43B33A}.Release|x86.Build.0 = Release|Any CPU
		{FEB4CF48-DD9B-4E2D-94A8-ACAD2AD373BA}.Debug|Any CPU.ActiveCfg = Debug|Any CPU
		{FEB4CF48-DD9B-4E2D-94A8-ACAD2AD373BA}.Debug|Any CPU.Build.0 = Debug|Any CPU
		{FEB4CF48-DD9B-4E2D-94A8-ACAD2AD373BA}.Debug|x64.ActiveCfg = Debug|Any CPU
		{FEB4CF48-DD9B-4E2D-94A8-ACAD2AD373BA}.Debug|x64.Build.0 = Debug|Any CPU
		{FEB4CF48-DD9B-4E2D-94A8-ACAD2AD373BA}.Debug|x86.ActiveCfg = Debug|Any CPU
		{FEB4CF48-DD9B-4E2D-94A8-ACAD2AD373BA}.Debug|x86.Build.0 = Debug|Any CPU
		{FEB4CF48-DD9B-4E2D-94A8-ACAD2AD373BA}.Release|Any CPU.ActiveCfg = Release|Any CPU
		{FEB4CF48-DD9B-4E2D-94A8-ACAD2AD373BA}.Release|Any CPU.Build.0 = Release|Any CPU
		{FEB4CF48-DD9B-4E2D-94A8-ACAD2AD373BA}.Release|x64.ActiveCfg = Release|Any CPU
		{FEB4CF48-DD9B-4E2D-94A8-ACAD2AD373BA}.Release|x64.Build.0 = Release|Any CPU
		{FEB4CF48-DD9B-4E2D-94A8-ACAD2AD373BA}.Release|x86.ActiveCfg = Release|Any CPU
		{FEB4CF48-DD9B-4E2D-94A8-ACAD2AD373BA}.Release|x86.Build.0 = Release|Any CPU
		{0ECBA34A-163D-4F01-BFCE-2E7BABFD3FCC}.Debug|Any CPU.ActiveCfg = Debug|Any CPU
		{0ECBA34A-163D-4F01-BFCE-2E7BABFD3FCC}.Debug|Any CPU.Build.0 = Debug|Any CPU
		{0ECBA34A-163D-4F01-BFCE-2E7BABFD3FCC}.Debug|x64.ActiveCfg = Debug|Any CPU
		{0ECBA34A-163D-4F01-BFCE-2E7BABFD3FCC}.Debug|x64.Build.0 = Debug|Any CPU
		{0ECBA34A-163D-4F01-BFCE-2E7BABFD3FCC}.Debug|x86.ActiveCfg = Debug|Any CPU
		{0ECBA34A-163D-4F01-BFCE-2E7BABFD3FCC}.Debug|x86.Build.0 = Debug|Any CPU
		{0ECBA34A-163D-4F01-BFCE-2E7BABFD3FCC}.Release|Any CPU.ActiveCfg = Release|Any CPU
		{0ECBA34A-163D-4F01-BFCE-2E7BABFD3FCC}.Release|Any CPU.Build.0 = Release|Any CPU
		{0ECBA34A-163D-4F01-BFCE-2E7BABFD3FCC}.Release|x64.ActiveCfg = Release|Any CPU
		{0ECBA34A-163D-4F01-BFCE-2E7BABFD3FCC}.Release|x64.Build.0 = Release|Any CPU
		{0ECBA34A-163D-4F01-BFCE-2E7BABFD3FCC}.Release|x86.ActiveCfg = Release|Any CPU
		{0ECBA34A-163D-4F01-BFCE-2E7BABFD3FCC}.Release|x86.Build.0 = Release|Any CPU
		{748E3E32-F0BF-4485-91D7-BE98D228BF4E}.Debug|Any CPU.ActiveCfg = Debug|Any CPU
		{748E3E32-F0BF-4485-91D7-BE98D228BF4E}.Debug|Any CPU.Build.0 = Debug|Any CPU
		{748E3E32-F0BF-4485-91D7-BE98D228BF4E}.Debug|x64.ActiveCfg = Debug|Any CPU
		{748E3E32-F0BF-4485-91D7-BE98D228BF4E}.Debug|x64.Build.0 = Debug|Any CPU
		{748E3E32-F0BF-4485-91D7-BE98D228BF4E}.Debug|x86.ActiveCfg = Debug|Any CPU
		{748E3E32-F0BF-4485-91D7-BE98D228BF4E}.Debug|x86.Build.0 = Debug|Any CPU
		{748E3E32-F0BF-4485-91D7-BE98D228BF4E}.Release|Any CPU.ActiveCfg = Release|Any CPU
		{748E3E32-F0BF-4485-91D7-BE98D228BF4E}.Release|Any CPU.Build.0 = Release|Any CPU
		{748E3E32-F0BF-4485-91D7-BE98D228BF4E}.Release|x64.ActiveCfg = Release|Any CPU
		{748E3E32-F0BF-4485-91D7-BE98D228BF4E}.Release|x64.Build.0 = Release|Any CPU
		{748E3E32-F0BF-4485-91D7-BE98D228BF4E}.Release|x86.ActiveCfg = Release|Any CPU
		{748E3E32-F0BF-4485-91D7-BE98D228BF4E}.Release|x86.Build.0 = Release|Any CPU
		{F1ED3DB5-7151-42EC-BB7A-A1BBCDB565D8}.Debug|Any CPU.ActiveCfg = Debug|Any CPU
		{F1ED3DB5-7151-42EC-BB7A-A1BBCDB565D8}.Debug|Any CPU.Build.0 = Debug|Any CPU
		{F1ED3DB5-7151-42EC-BB7A-A1BBCDB565D8}.Debug|x64.ActiveCfg = Debug|Any CPU
		{F1ED3DB5-7151-42EC-BB7A-A1BBCDB565D8}.Debug|x64.Build.0 = Debug|Any CPU
		{F1ED3DB5-7151-42EC-BB7A-A1BBCDB565D8}.Debug|x86.ActiveCfg = Debug|Any CPU
		{F1ED3DB5-7151-42EC-BB7A-A1BBCDB565D8}.Debug|x86.Build.0 = Debug|Any CPU
		{F1ED3DB5-7151-42EC-BB7A-A1BBCDB565D8}.Release|Any CPU.ActiveCfg = Release|Any CPU
		{F1ED3DB5-7151-42EC-BB7A-A1BBCDB565D8}.Release|Any CPU.Build.0 = Release|Any CPU
		{F1ED3DB5-7151-42EC-BB7A-A1BBCDB565D8}.Release|x64.ActiveCfg = Release|Any CPU
		{F1ED3DB5-7151-42EC-BB7A-A1BBCDB565D8}.Release|x64.Build.0 = Release|Any CPU
		{F1ED3DB5-7151-42EC-BB7A-A1BBCDB565D8}.Release|x86.ActiveCfg = Release|Any CPU
		{F1ED3DB5-7151-42EC-BB7A-A1BBCDB565D8}.Release|x86.Build.0 = Release|Any CPU
		{2B02941A-FC38-4275-BAA9-5871B329212F}.Debug|Any CPU.ActiveCfg = Debug|Any CPU
		{2B02941A-FC38-4275-BAA9-5871B329212F}.Debug|Any CPU.Build.0 = Debug|Any CPU
		{2B02941A-FC38-4275-BAA9-5871B329212F}.Debug|x64.ActiveCfg = Debug|Any CPU
		{2B02941A-FC38-4275-BAA9-5871B329212F}.Debug|x64.Build.0 = Debug|Any CPU
		{2B02941A-FC38-4275-BAA9-5871B329212F}.Debug|x86.ActiveCfg = Debug|Any CPU
		{2B02941A-FC38-4275-BAA9-5871B329212F}.Debug|x86.Build.0 = Debug|Any CPU
		{2B02941A-FC38-4275-BAA9-5871B329212F}.Release|Any CPU.ActiveCfg = Release|Any CPU
		{2B02941A-FC38-4275-BAA9-5871B329212F}.Release|Any CPU.Build.0 = Release|Any CPU
		{2B02941A-FC38-4275-BAA9-5871B329212F}.Release|x64.ActiveCfg = Release|Any CPU
		{2B02941A-FC38-4275-BAA9-5871B329212F}.Release|x64.Build.0 = Release|Any CPU
		{2B02941A-FC38-4275-BAA9-5871B329212F}.Release|x86.ActiveCfg = Release|Any CPU
		{2B02941A-FC38-4275-BAA9-5871B329212F}.Release|x86.Build.0 = Release|Any CPU
	EndGlobalSection
	GlobalSection(SolutionProperties) = preSolution
		HideSolutionNode = FALSE
	EndGlobalSection
	GlobalSection(NestedProjects) = preSolution
		{D3F24B91-F091-4369-AA72-6BCF8476579B} = {827E0CD3-B72D-47B6-A68D-7590B98EB39B}
		{B83CE752-31CF-4BE3-8DC4-BF60FF43B33A} = {827E0CD3-B72D-47B6-A68D-7590B98EB39B}
		{FEB4CF48-DD9B-4E2D-94A8-ACAD2AD373BA} = {827E0CD3-B72D-47B6-A68D-7590B98EB39B}
		{0ECBA34A-163D-4F01-BFCE-2E7BABFD3FCC} = {827E0CD3-B72D-47B6-A68D-7590B98EB39B}
		{748E3E32-F0BF-4485-91D7-BE98D228BF4E} = {0AB3BF05-4346-4AA6-1389-037BE0695223}
		{F1ED3DB5-7151-42EC-BB7A-A1BBCDB565D8} = {0AB3BF05-4346-4AA6-1389-037BE0695223}
		{2B02941A-FC38-4275-BAA9-5871B329212F} = {0AB3BF05-4346-4AA6-1389-037BE0695223}
	EndGlobalSection
EndGlobal
